// !$*UTF8*$!
{
	archiveVersion = 1;
	classes = {
	};
	objectVersion = 56;
	objects = {

/* Begin PBXBuildFile section */
		8DE7FEFF2AC25B6A00C8106E /* WeatherAppApp.swift in Sources */ = {isa = PBXBuildFile; fileRef = 8DE7FEFE2AC25B6A00C8106E /* WeatherAppApp.swift */; };
		8DE7FF012AC25B6A00C8106E /* ContentView.swift in Sources */ = {isa = PBXBuildFile; fileRef = 8DE7FF002AC25B6A00C8106E /* ContentView.swift */; };
		8DE7FF032AC25B6B00C8106E /* Assets.xcassets in Resources */ = {isa = PBXBuildFile; fileRef = 8DE7FF022AC25B6B00C8106E /* Assets.xcassets */; };
		8DE7FF062AC25B6B00C8106E /* Preview Assets.xcassets in Resources */ = {isa = PBXBuildFile; fileRef = 8DE7FF052AC25B6B00C8106E /* Preview Assets.xcassets */; };
		8DE7FF0E2AC2683600C8106E /* LocationManager.swift in Sources */ = {isa = PBXBuildFile; fileRef = 8DE7FF0D2AC2683600C8106E /* LocationManager.swift */; };
		8DE7FF112AC26FF200C8106E /* WelcomeView.swift in Sources */ = {isa = PBXBuildFile; fileRef = 8DE7FF102AC26FF200C8106E /* WelcomeView.swift */; };
		8DE7FF132AC2726F00C8106E /* LoadingView.swift in Sources */ = {isa = PBXBuildFile; fileRef = 8DE7FF122AC2726F00C8106E /* LoadingView.swift */; };
		8DE7FF152AC2744C00C8106E /* WeatherManager.swift in Sources */ = {isa = PBXBuildFile; fileRef = 8DE7FF142AC2744C00C8106E /* WeatherManager.swift */; };
		8DE7FF192AC27CB300C8106E /* WeatherView.swift in Sources */ = {isa = PBXBuildFile; fileRef = 8DE7FF182AC27CB300C8106E /* WeatherView.swift */; };
		8DE7FF1B2AC27CF800C8106E /* ModelData.swift in Sources */ = {isa = PBXBuildFile; fileRef = 8DE7FF1A2AC27CF800C8106E /* ModelData.swift */; };
		8DE7FF1D2AC27DDB00C8106E /* weatherData.json in Resources */ = {isa = PBXBuildFile; fileRef = 8DE7FF1C2AC27DDB00C8106E /* weatherData.json */; };
		8DE7FF1F2AC27FAE00C8106E /* Extensions.swift in Sources */ = {isa = PBXBuildFile; fileRef = 8DE7FF1E2AC27FAE00C8106E /* Extensions.swift */; };
/* End PBXBuildFile section */

/* Begin PBXFileReference section */
		8DE7FEFB2AC25B6A00C8106E /* WeatherApp.app */ = {isa = PBXFileReference; explicitFileType = wrapper.application; includeInIndex = 0; path = WeatherApp.app; sourceTree = BUILT_PRODUCTS_DIR; };
		8DE7FEFE2AC25B6A00C8106E /* WeatherAppApp.swift */ = {isa = PBXFileReference; lastKnownFileType = sourcecode.swift; path = WeatherAppApp.swift; sourceTree = "<group>"; };
		8DE7FF002AC25B6A00C8106E /* ContentView.swift */ = {isa = PBXFileReference; lastKnownFileType = sourcecode.swift; path = ContentView.swift; sourceTree = "<group>"; };
		8DE7FF022AC25B6B00C8106E /* Assets.xcassets */ = {isa = PBXFileReference; lastKnownFileType = folder.assetcatalog; path = Assets.xcassets; sourceTree = "<group>"; };
		8DE7FF052AC25B6B00C8106E /* Preview Assets.xcassets */ = {isa = PBXFileReference; lastKnownFileType = folder.assetcatalog; path = "Preview Assets.xcassets"; sourceTree = "<group>"; };
		8DE7FF0D2AC2683600C8106E /* LocationManager.swift */ = {isa = PBXFileReference; lastKnownFileType = sourcecode.swift; path = LocationManager.swift; sourceTree = "<group>"; };
		8DE7FF102AC26FF200C8106E /* WelcomeView.swift */ = {isa = PBXFileReference; lastKnownFileType = sourcecode.swift; path = WelcomeView.swift; sourceTree = "<group>"; };
		8DE7FF122AC2726F00C8106E /* LoadingView.swift */ = {isa = PBXFileReference; lastKnownFileType = sourcecode.swift; path = LoadingView.swift; sourceTree = "<group>"; };
		8DE7FF142AC2744C00C8106E /* WeatherManager.swift */ = {isa = PBXFileReference; lastKnownFileType = sourcecode.swift; path = WeatherManager.swift; sourceTree = "<group>"; };
		8DE7FF182AC27CB300C8106E /* WeatherView.swift */ = {isa = PBXFileReference; lastKnownFileType = sourcecode.swift; path = WeatherView.swift; sourceTree = "<group>"; };
		8DE7FF1A2AC27CF800C8106E /* ModelData.swift */ = {isa = PBXFileReference; lastKnownFileType = sourcecode.swift; path = ModelData.swift; sourceTree = "<group>"; };
		8DE7FF1C2AC27DDB00C8106E /* weatherData.json */ = {isa = PBXFileReference; lastKnownFileType = text.json; path = weatherData.json; sourceTree = "<group>"; };
		8DE7FF1E2AC27FAE00C8106E /* Extensions.swift */ = {isa = PBXFileReference; lastKnownFileType = sourcecode.swift; path = Extensions.swift; sourceTree = "<group>"; };
/* End PBXFileReference section */

/* Begin PBXFrameworksBuildPhase section */
		8DE7FEF82AC25B6A00C8106E /* Frameworks */ = {
			isa = PBXFrameworksBuildPhase;
			buildActionMask = 2147483647;
			files = (
			);
			runOnlyForDeploymentPostprocessing = 0;
		};
/* End PBXFrameworksBuildPhase section */

/* Begin PBXGroup section */
		8DE7FEF22AC25B6A00C8106E = {
			isa = PBXGroup;
			children = (
				8DE7FEFD2AC25B6A00C8106E /* WeatherApp */,
				8DE7FEFC2AC25B6A00C8106E /* Products */,
			);
			sourceTree = "<group>";
		};
		8DE7FEFC2AC25B6A00C8106E /* Products */ = {
			isa = PBXGroup;
			children = (
				8DE7FEFB2AC25B6A00C8106E /* WeatherApp.app */,
			);
			name = Products;
			sourceTree = "<group>";
		};
		8DE7FEFD2AC25B6A00C8106E /* WeatherApp */ = {
			isa = PBXGroup;
			children = (
				8DE7FF0F2AC26C5700C8106E /* Views */,
				8DE7FF0C2AC2682300C8106E /* Manager */,
				8DE7FEFE2AC25B6A00C8106E /* WeatherAppApp.swift */,
				8DE7FF022AC25B6B00C8106E /* Assets.xcassets */,
				8DE7FF042AC25B6B00C8106E /* Preview Content */,
				8DE7FF1E2AC27FAE00C8106E /* Extensions.swift */,
			);
			path = WeatherApp;
			sourceTree = "<group>";
		};
		8DE7FF042AC25B6B00C8106E /* Preview Content */ = {
			isa = PBXGroup;
			children = (
				8DE7FF052AC25B6B00C8106E /* Preview Assets.xcassets */,
				8DE7FF1A2AC27CF800C8106E /* ModelData.swift */,
				8DE7FF1C2AC27DDB00C8106E /* weatherData.json */,
			);
			path = "Preview Content";
			sourceTree = "<group>";
		};
		8DE7FF0C2AC2682300C8106E /* Manager */ = {
			isa = PBXGroup;
			children = (
				8DE7FF0D2AC2683600C8106E /* LocationManager.swift */,
				8DE7FF142AC2744C00C8106E /* WeatherManager.swift */,
			);
			path = Manager;
			sourceTree = "<group>";
		};
		8DE7FF0F2AC26C5700C8106E /* Views */ = {
			isa = PBXGroup;
			children = (
				8DE7FF002AC25B6A00C8106E /* ContentView.swift */,
				8DE7FF102AC26FF200C8106E /* WelcomeView.swift */,
				8DE7FF122AC2726F00C8106E /* LoadingView.swift */,
				8DE7FF182AC27CB300C8106E /* WeatherView.swift */,
			);
			path = Views;
			sourceTree = "<group>";
		};
/* End PBXGroup section */

/* Begin PBXNativeTarget section */
		8DE7FEFA2AC25B6A00C8106E /* WeatherApp */ = {
			isa = PBXNativeTarget;
			buildConfigurationList = 8DE7FF092AC25B6B00C8106E /* Build configuration list for PBXNativeTarget "WeatherApp" */;
			buildPhases = (
				8DE7FEF72AC25B6A00C8106E /* Sources */,
				8DE7FEF82AC25B6A00C8106E /* Frameworks */,
				8DE7FEF92AC25B6A00C8106E /* Resources */,
			);
			buildRules = (
			);
			dependencies = (
			);
			name = WeatherApp;
			productName = WeatherApp;
			productReference = 8DE7FEFB2AC25B6A00C8106E /* WeatherApp.app */;
			productType = "com.apple.product-type.application";
		};
/* End PBXNativeTarget section */

/* Begin PBXProject section */
		8DE7FEF32AC25B6A00C8106E /* Project object */ = {
			isa = PBXProject;
			attributes = {
				BuildIndependentTargetsInParallel = 1;
				LastSwiftUpdateCheck = 1420;
				LastUpgradeCheck = 1420;
				TargetAttributes = {
					8DE7FEFA2AC25B6A00C8106E = {
						CreatedOnToolsVersion = 14.2;
					};
				};
			};
			buildConfigurationList = 8DE7FEF62AC25B6A00C8106E /* Build configuration list for PBXProject "WeatherApp" */;
			compatibilityVersion = "Xcode 14.0";
			developmentRegion = en;
			hasScannedForEncodings = 0;
			knownRegions = (
				en,
				Base,
			);
			mainGroup = 8DE7FEF22AC25B6A00C8106E;
			productRefGroup = 8DE7FEFC2AC25B6A00C8106E /* Products */;
			projectDirPath = "";
			projectRoot = "";
			targets = (
				8DE7FEFA2AC25B6A00C8106E /* WeatherApp */,
			);
		};
/* End PBXProject section */

/* Begin PBXResourcesBuildPhase section */
		8DE7FEF92AC25B6A00C8106E /* Resources */ = {
			isa = PBXResourcesBuildPhase;
			buildActionMask = 2147483647;
			files = (
				8DE7FF062AC25B6B00C8106E /* Preview Assets.xcassets in Resources */,
				8DE7FF1D2AC27DDB00C8106E /* weatherData.json in Resources */,
				8DE7FF032AC25B6B00C8106E /* Assets.xcassets in Resources */,
			);
			runOnlyForDeploymentPostprocessing = 0;
		};
/* End PBXResourcesBuildPhase section */

/* Begin PBXSourcesBuildPhase section */
		8DE7FEF72AC25B6A00C8106E /* Sources */ = {
			isa = PBXSourcesBuildPhase;
			buildActionMask = 2147483647;
			files = (
				8DE7FF1F2AC27FAE00C8106E /* Extensions.swift in Sources */,
				8DE7FF152AC2744C00C8106E /* WeatherManager.swift in Sources */,
				8DE7FF012AC25B6A00C8106E /* ContentView.swift in Sources */,
				8DE7FEFF2AC25B6A00C8106E /* WeatherAppApp.swift in Sources */,
				8DE7FF0E2AC2683600C8106E /* LocationManager.swift in Sources */,
				8DE7FF132AC2726F00C8106E /* LoadingView.swift in Sources */,
				8DE7FF1B2AC27CF800C8106E /* ModelData.swift in Sources */,
				8DE7FF192AC27CB300C8106E /* WeatherView.swift in Sources */,
				8DE7FF112AC26FF200C8106E /* WelcomeView.swift in Sources */,
			);
			runOnlyForDeploymentPostprocessing = 0;
		};
/* End PBXSourcesBuildPhase section */

/* Begin XCBuildConfiguration section */
		8DE7FF072AC25B6B00C8106E /* Debug */ = {
			isa = XCBuildConfiguration;
			buildSettings = {
				ALWAYS_SEARCH_USER_PATHS = NO;
				CLANG_ANALYZER_NONNULL = YES;
				CLANG_ANALYZER_NUMBER_OBJECT_CONVERSION = YES_AGGRESSIVE;
				CLANG_CXX_LANGUAGE_STANDARD = "gnu++20";
				CLANG_ENABLE_MODULES = YES;
				CLANG_ENABLE_OBJC_ARC = YES;
				CLANG_ENABLE_OBJC_WEAK = YES;
				CLANG_WARN_BLOCK_CAPTURE_AUTORELEASING = YES;
				CLANG_WARN_BOOL_CONVERSION = YES;
				CLANG_WARN_COMMA = YES;
				CLANG_WARN_CONSTANT_CONVERSION = YES;
				CLANG_WARN_DEPRECATED_OBJC_IMPLEMENTATIONS = YES;
				CLANG_WARN_DIRECT_OBJC_ISA_USAGE = YES_ERROR;
				CLANG_WARN_DOCUMENTATION_COMMENTS = YES;
				CLANG_WARN_EMPTY_BODY = YES;
				CLANG_WARN_ENUM_CONVERSION = YES;
				CLANG_WARN_INFINITE_RECURSION = YES;
				CLANG_WARN_INT_CONVERSION = YES;
				CLANG_WARN_NON_LITERAL_NULL_CONVERSION = YES;
				CLANG_WARN_OBJC_IMPLICIT_RETAIN_SELF = YES;
				CLANG_WARN_OBJC_LITERAL_CONVERSION = YES;
				CLANG_WARN_OBJC_ROOT_CLASS = YES_ERROR;
				CLANG_WARN_QUOTED_INCLUDE_IN_FRAMEWORK_HEADER = YES;
				CLANG_WARN_RANGE_LOOP_ANALYSIS = YES;
				CLANG_WARN_STRICT_PROTOTYPES = YES;
				CLANG_WARN_SUSPICIOUS_MOVE = YES;
				CLANG_WARN_UNGUARDED_AVAILABILITY = YES_AGGRESSIVE;
				CLANG_WARN_UNREACHABLE_CODE = YES;
				CLANG_WARN__DUPLICATE_METHOD_MATCH = YES;
				COPY_PHASE_STRIP = NO;
				DEBUG_INFORMATION_FORMAT = dwarf;
				ENABLE_STRICT_OBJC_MSGSEND = YES;
				ENABLE_TESTABILITY = YES;
				GCC_C_LANGUAGE_STANDARD = gnu11;
				GCC_DYNAMIC_NO_PIC = NO;
				GCC_NO_COMMON_BLOCKS = YES;
				GCC_OPTIMIZATION_LEVEL = 0;
				GCC_PREPROCESSOR_DEFINITIONS = (
					"DEBUG=1",
					"$(inherited)",
				);
				GCC_WARN_64_TO_32_BIT_CONVERSION = YES;
				GCC_WARN_ABOUT_RETURN_TYPE = YES_ERROR;
				GCC_WARN_UNDECLARED_SELECTOR = YES;
				GCC_WARN_UNINITIALIZED_AUTOS = YES_AGGRESSIVE;
				GCC_WARN_UNUSED_FUNCTION = YES;
				GCC_WARN_UNUSED_VARIABLE = YES;
				IPHONEOS_DEPLOYMENT_TARGET = 16.2;
				MTL_ENABLE_DEBUG_INFO = INCLUDE_SOURCE;
				MTL_FAST_MATH = YES;
				ONLY_ACTIVE_ARCH = YES;
				SDKROOT = iphoneos;
				SWIFT_ACTIVE_COMPILATION_CONDITIONS = DEBUG;
				SWIFT_OPTIMIZATION_LEVEL = "-Onone";
			};
			name = Debug;
		};
		8DE7FF082AC25B6B00C8106E /* Release */ = {
			isa = XCBuildConfiguration;
			buildSettings = {
				ALWAYS_SEARCH_USER_PATHS = NO;
				CLANG_ANALYZER_NONNULL = YES;
				CLANG_ANALYZER_NUMBER_OBJECT_CONVERSION = YES_AGGRESSIVE;
				CLANG_CXX_LANGUAGE_STANDARD = "gnu++20";
				CLANG_ENABLE_MODULES = YES;
				CLANG_ENABLE_OBJC_ARC = YES;
				CLANG_ENABLE_OBJC_WEAK = YES;
				CLANG_WARN_BLOCK_CAPTURE_AUTORELEASING = YES;
				CLANG_WARN_BOOL_CONVERSION = YES;
				CLANG_WARN_COMMA = YES;
				CLANG_WARN_CONSTANT_CONVERSION = YES;
				CLANG_WARN_DEPRECATED_OBJC_IMPLEMENTATIONS = YES;
				CLANG_WARN_DIRECT_OBJC_ISA_USAGE = YES_ERROR;
				CLANG_WARN_DOCUMENTATION_COMMENTS = YES;
				CLANG_WARN_EMPTY_BODY = YES;
				CLANG_WARN_ENUM_CONVERSION = YES;
				CLANG_WARN_INFINITE_RECURSION = YES;
				CLANG_WARN_INT_CONVERSION = YES;
				CLANG_WARN_NON_LITERAL_NULL_CONVERSION = YES;
				CLANG_WARN_OBJC_IMPLICIT_RETAIN_SELF = YES;
				CLANG_WARN_OBJC_LITERAL_CONVERSION = YES;
				CLANG_WARN_OBJC_ROOT_CLASS = YES_ERROR;
				CLANG_WARN_QUOTED_INCLUDE_IN_FRAMEWORK_HEADER = YES;
				CLANG_WARN_RANGE_LOOP_ANALYSIS = YES;
				CLANG_WARN_STRICT_PROTOTYPES = YES;
				CLANG_WARN_SUSPICIOUS_MOVE = YES;
				CLANG_WARN_UNGUARDED_AVAILABILITY = YES_AGGRESSIVE;
				CLANG_WARN_UNREACHABLE_CODE = YES;
				CLANG_WARN__DUPLICATE_METHOD_MATCH = YES;
				COPY_PHASE_STRIP = NO;
				DEBUG_INFORMATION_FORMAT = "dwarf-with-dsym";
				ENABLE_NS_ASSERTIONS = NO;
				ENABLE_STRICT_OBJC_MSGSEND = YES;
				GCC_C_LANGUAGE_STANDARD = gnu11;
				GCC_NO_COMMON_BLOCKS = YES;
				GCC_WARN_64_TO_32_BIT_CONVERSION = YES;
				GCC_WARN_ABOUT_RETURN_TYPE = YES_ERROR;
				GCC_WARN_UNDECLARED_SELECTOR = YES;
				GCC_WARN_UNINITIALIZED_AUTOS = YES_AGGRESSIVE;
				GCC_WARN_UNUSED_FUNCTION = YES;
				GCC_WARN_UNUSED_VARIABLE = YES;
				IPHONEOS_DEPLOYMENT_TARGET = 16.2;
				MTL_ENABLE_DEBUG_INFO = NO;
				MTL_FAST_MATH = YES;
				SDKROOT = iphoneos;
				SWIFT_COMPILATION_MODE = wholemodule;
				SWIFT_OPTIMIZATION_LEVEL = "-O";
				VALIDATE_PRODUCT = YES;
			};
			name = Release;
		};
		8DE7FF0A2AC25B6B00C8106E /* Debug */ = {
			isa = XCBuildConfiguration;
			buildSettings = {
				ASSETCATALOG_COMPILER_APPICON_NAME = AppIcon;
				ASSETCATALOG_COMPILER_GLOBAL_ACCENT_COLOR_NAME = AccentColor;
				CODE_SIGN_STYLE = Automatic;
				CURRENT_PROJECT_VERSION = 1;
				DEVELOPMENT_ASSET_PATHS = "\"WeatherApp/Preview Content\"";
				DEVELOPMENT_TEAM = UX6WQM886X;
				ENABLE_PREVIEWS = YES;
				GENERATE_INFOPLIST_FILE = YES;
				INFOPLIST_KEY_UIApplicationSceneManifest_Generation = YES;
				INFOPLIST_KEY_UIApplicationSupportsIndirectInputEvents = YES;
				INFOPLIST_KEY_UILaunchScreen_Generation = YES;
				INFOPLIST_KEY_UISupportedInterfaceOrientations_iPad = "UIInterfaceOrientationPortrait UIInterfaceOrientationPortraitUpsideDown UIInterfaceOrientationLandscapeLeft UIInterfaceOrientationLandscapeRight";
				INFOPLIST_KEY_UISupportedInterfaceOrientations_iPhone = "UIInterfaceOrientationPortrait UIInterfaceOrientationLandscapeLeft UIInterfaceOrientationLandscapeRight";
				LD_RUNPATH_SEARCH_PATHS = (
					"$(inherited)",
					"@executable_path/Frameworks",
				);
				MARKETING_VERSION = 1.0;
				PRODUCT_BUNDLE_IDENTIFIER = com.raeyoungkim.WeatherApp;
				PRODUCT_NAME = "$(TARGET_NAME)";
				SWIFT_EMIT_LOC_STRINGS = YES;
				SWIFT_VERSION = 5.0;
				TARGETED_DEVICE_FAMILY = "1,2";
			};
			name = Debug;
		};
		8DE7FF0B2AC25B6B00C8106E /* Release */ = {
			isa = XCBuildConfiguration;
			buildSettings = {
				ASSETCATALOG_COMPILER_APPICON_NAME = AppIcon;
				ASSETCATALOG_COMPILER_GLOBAL_ACCENT_COLOR_NAME = AccentColor;
				CODE_SIGN_STYLE = Automatic;
				CURRENT_PROJECT_VERSION = 1;
				DEVELOPMENT_ASSET_PATHS = "\"WeatherApp/Preview Content\"";
				DEVELOPMENT_TEAM = UX6WQM886X;
				ENABLE_PREVIEWS = YES;
				GENERATE_INFOPLIST_FILE = YES;
				INFOPLIST_KEY_UIApplicationSceneManifest_Generation = YES;
				INFOPLIST_KEY_UIApplicationSupportsIndirectInputEvents = YES;
				INFOPLIST_KEY_UILaunchScreen_Generation = YES;
				INFOPLIST_KEY_UISupportedInterfaceOrientations_iPad = "UIInterfaceOrientationPortrait UIInterfaceOrientationPortraitUpsideDown UIInterfaceOrientationLandscapeLeft UIInterfaceOrientationLandscapeRight";
				INFOPLIST_KEY_UISupportedInterfaceOrientations_iPhone = "UIInterfaceOrientationPortrait UIInterfaceOrientationLandscapeLeft UIInterfaceOrientationLandscapeRight";
				LD_RUNPATH_SEARCH_PATHS = (
					"$(inherited)",
					"@executable_path/Frameworks",
				);
				MARKETING_VERSION = 1.0;
				PRODUCT_BUNDLE_IDENTIFIER = com.raeyoungkim.WeatherApp;
				PRODUCT_NAME = "$(TARGET_NAME)";
				SWIFT_EMIT_LOC_STRINGS = YES;
				SWIFT_VERSION = 5.0;
				TARGETED_DEVICE_FAMILY = "1,2";
			};
			name = Release;
		};
/* End XCBuildConfiguration section */

/* Begin XCConfigurationList section */
		8DE7FEF62AC25B6A00C8106E /* Build configuration list for PBXProject "WeatherApp" */ = {
			isa = XCConfigurationList;
			buildConfigurations = (
				8DE7FF072AC25B6B00C8106E /* Debug */,
				8DE7FF082AC25B6B00C8106E /* Release */,
			);
			defaultConfigurationIsVisible = 0;
			defaultConfigurationName = Release;
		};
		8DE7FF092AC25B6B00C8106E /* Build configuration list for PBXNativeTarget "WeatherApp" */ = {
			isa = XCConfigurationList;
			buildConfigurations = (
				8DE7FF0A2AC25B6B00C8106E /* Debug */,
				8DE7FF0B2AC25B6B00C8106E /* Release */,
			);
			defaultConfigurationIsVisible = 0;
			defaultConfigurationName = Release;
		};
/* End XCConfigurationList section */
	};
	rootObject = 8DE7FEF32AC25B6A00C8106E /* Project object */;
}
